
Microsoft Visual Studio Solution File, Format Version 12.00
# Visual Studio 2013
VisualStudioVersion = 12.0.31101.0
MinimumVisualStudioVersion = 10.0.40219.1
Project("{FAE04EC0-301F-11D3-BF4B-00C04F79EFBC}") = "LiamonLimeWebsite", "LiamonLimeWebsite\LiamonLimeWebsite.csproj", "{9104AC3D-A07D-4AA5-8987-3BC33D1D4AC9}"
EndProject
Project("{FAE04EC0-301F-11D3-BF4B-00C04F79EFBC}") = "LiamonLimeWebsite.Tests", "LiamonLimeWebsite.Tests\LiamonLimeWebsite.Tests.csproj", "{68059AA4-24DB-4188-9C77-CB9118671F61}"
EndProject
Global
	GlobalSection(SolutionConfigurationPlatforms) = preSolution
		Debug|Any CPU = Debug|Any CPU
		Release|Any CPU = Release|Any CPU
	EndGlobalSection
	GlobalSection(ProjectConfigurationPlatforms) = postSolution
		{9104AC3D-A07D-4AA5-8987-3BC33D1D4AC9}.Debug|Any CPU.ActiveCfg = Debug|Any CPU
		{9104AC3D-A07D-4AA5-8987-3BC33D1D4AC9}.Debug|Any CPU.Build.0 = Debug|Any CPU
		{9104AC3D-A07D-4AA5-8987-3BC33D1D4AC9}.Release|Any CPU.ActiveCfg = Release|Any CPU
		{9104AC3D-A07D-4AA5-8987-3BC33D1D4AC9}.Release|Any CPU.Build.0 = Release|Any CPU
		{68059AA4-24DB-4188-9C77-CB9118671F61}.Debug|Any CPU.ActiveCfg = Debug|Any CPU
		{68059AA4-24DB-4188-9C77-CB9118671F61}.Debug|Any CPU.Build.0 = Debug|Any CPU
		{68059AA4-24DB-4188-9C77-CB9118671F61}.Release|Any CPU.ActiveCfg = Release|Any CPU
		{68059AA4-24DB-4188-9C77-CB9118671F61}.Release|Any CPU.Build.0 = Release|Any CPU
	EndGlobalSection
	GlobalSection(SolutionProperties) = preSolution
		HideSolutionNode = FALSE
	EndGlobalSection
EndGlobal
